
Microsoft Visual Studio Solution File, Format Version 12.00
# Visual Studio Version 17
VisualStudioVersion = 17.13.35828.75
MinimumVisualStudioVersion = 10.0.40219.1
Project("{2150E333-8FDC-42A3-9474-1A3956D46DE8}") = "Services", "Services", "{02EA681E-C7D8-13C7-8484-4AC65E1B71E8}"
EndProject
Project("{2150E333-8FDC-42A3-9474-1A3956D46DE8}") = "Catalog", "Catalog", "{F4FCA3A2-F744-47AB-B513-A3DB932B20B8}"
EndProject
Project("{FAE04EC0-301F-11D3-BF4B-00C04F79EFBC}") = "Catalog.API", "Services\Catalog\Catalog.API\Catalog.API.csproj", "{8B62544E-A201-4EAF-8F7B-2ADEFDB15892}"
EndProject
Project("{2150E333-8FDC-42A3-9474-1A3956D46DE8}") = "BuildingBlocks", "BuildingBlocks", "{AB5568BF-4132-4EDE-9D82-CDB761075151}"
EndProject
Project("{FAE04EC0-301F-11D3-BF4B-00C04F79EFBC}") = "BuildingBlocks", "BuildingBlocks\BuildingBlocks\BuildingBlocks.csproj", "{8AE0E5E2-D7EB-4F81-BDB4-4F0D30486AC3}"
EndProject
Project("{E53339B2-1760-4266-BCC7-CA923CBCF16C}") = "docker-compose", "docker-compose.dcproj", "{81DDED9D-158B-E303-5F62-77A2896D2A5A}"
EndProject
Project("{2150E333-8FDC-42A3-9474-1A3956D46DE8}") = "Basket", "Basket", "{D0D9EA93-E13F-43EC-8894-67D8E78B99D8}"
EndProject
Project("{FAE04EC0-301F-11D3-BF4B-00C04F79EFBC}") = "Basket.API", "Services\Basket\Basket.API\Basket.API.csproj", "{1983A6D6-951E-41F9-BF89-2A03D9AE0FCC}"
EndProject
Project("{2150E333-8FDC-42A3-9474-1A3956D46DE8}") = "Discount", "Discount", "{ED969F76-70AE-410C-A4A0-9AA5D456DFF0}"
EndProject
Project("{FAE04EC0-301F-11D3-BF4B-00C04F79EFBC}") = "DicountGrpc", "Services\Discount\DicountGrpc\DicountGrpc.csproj", "{2E5E2A8D-FE61-4120-A231-06A264408B5A}"
EndProject
Project("{2150E333-8FDC-42A3-9474-1A3956D46DE8}") = "Order", "Order", "{07F99BD5-88FF-4E80-BF97-E1899E332B72}"
EndProject
Project("{FAE04EC0-301F-11D3-BF4B-00C04F79EFBC}") = "Order.API", "Services\Order\Order.API\Order.API.csproj", "{2C7119E9-AE5A-4291-9D18-1063F8796301}"
EndProject
Global
	GlobalSection(SolutionConfigurationPlatforms) = preSolution
		Debug|Any CPU = Debug|Any CPU
		Release|Any CPU = Release|Any CPU
	EndGlobalSection
	GlobalSection(ProjectConfigurationPlatforms) = postSolution
		{8B62544E-A201-4EAF-8F7B-2ADEFDB15892}.Debug|Any CPU.ActiveCfg = Debug|Any CPU
		{8B62544E-A201-4EAF-8F7B-2ADEFDB15892}.Debug|Any CPU.Build.0 = Debug|Any CPU
		{8B62544E-A201-4EAF-8F7B-2ADEFDB15892}.Release|Any CPU.ActiveCfg = Release|Any CPU
		{8B62544E-A201-4EAF-8F7B-2ADEFDB15892}.Release|Any CPU.Build.0 = Release|Any CPU
		{8AE0E5E2-D7EB-4F81-BDB4-4F0D30486AC3}.Debug|Any CPU.ActiveCfg = Debug|Any CPU
		{8AE0E5E2-D7EB-4F81-BDB4-4F0D30486AC3}.Debug|Any CPU.Build.0 = Debug|Any CPU
		{8AE0E5E2-D7EB-4F81-BDB4-4F0D30486AC3}.Release|Any CPU.ActiveCfg = Release|Any CPU
		{8AE0E5E2-D7EB-4F81-BDB4-4F0D30486AC3}.Release|Any CPU.Build.0 = Release|Any CPU
		{81DDED9D-158B-E303-5F62-77A2896D2A5A}.Debug|Any CPU.ActiveCfg = Debug|Any CPU
		{81DDED9D-158B-E303-5F62-77A2896D2A5A}.Debug|Any CPU.Build.0 = Debug|Any CPU
		{81DDED9D-158B-E303-5F62-77A2896D2A5A}.Release|Any CPU.ActiveCfg = Release|Any CPU
		{81DDED9D-158B-E303-5F62-77A2896D2A5A}.Release|Any CPU.Build.0 = Release|Any CPU
		{1983A6D6-951E-41F9-BF89-2A03D9AE0FCC}.Debug|Any CPU.ActiveCfg = Debug|Any CPU
		{1983A6D6-951E-41F9-BF89-2A03D9AE0FCC}.Debug|Any CPU.Build.0 = Debug|Any CPU
		{1983A6D6-951E-41F9-BF89-2A03D9AE0FCC}.Release|Any CPU.ActiveCfg = Release|Any CPU
		{1983A6D6-951E-41F9-BF89-2A03D9AE0FCC}.Release|Any CPU.Build.0 = Release|Any CPU
		{2E5E2A8D-FE61-4120-A231-06A264408B5A}.Debug|Any CPU.ActiveCfg = Debug|Any CPU
		{2E5E2A8D-FE61-4120-A231-06A264408B5A}.Debug|Any CPU.Build.0 = Debug|Any CPU
		{2E5E2A8D-FE61-4120-A231-06A264408B5A}.Release|Any CPU.ActiveCfg = Release|Any CPU
		{2E5E2A8D-FE61-4120-A231-06A264408B5A}.Release|Any CPU.Build.0 = Release|Any CPU
		{2C7119E9-AE5A-4291-9D18-1063F8796301}.Debug|Any CPU.ActiveCfg = Debug|Any CPU
		{2C7119E9-AE5A-4291-9D18-1063F8796301}.Debug|Any CPU.Build.0 = Debug|Any CPU
		{2C7119E9-AE5A-4291-9D18-1063F8796301}.Release|Any CPU.ActiveCfg = Release|Any CPU
		{2C7119E9-AE5A-4291-9D18-1063F8796301}.Release|Any CPU.Build.0 = Release|Any CPU
	EndGlobalSection
	GlobalSection(SolutionProperties) = preSolution
		HideSolutionNode = FALSE
	EndGlobalSection
	GlobalSection(NestedProjects) = preSolution
		{F4FCA3A2-F744-47AB-B513-A3DB932B20B8} = {02EA681E-C7D8-13C7-8484-4AC65E1B71E8}
		{8B62544E-A201-4EAF-8F7B-2ADEFDB15892} = {F4FCA3A2-F744-47AB-B513-A3DB932B20B8}
		{8AE0E5E2-D7EB-4F81-BDB4-4F0D30486AC3} = {AB5568BF-4132-4EDE-9D82-CDB761075151}
		{D0D9EA93-E13F-43EC-8894-67D8E78B99D8} = {02EA681E-C7D8-13C7-8484-4AC65E1B71E8}
		{1983A6D6-951E-41F9-BF89-2A03D9AE0FCC} = {D0D9EA93-E13F-43EC-8894-67D8E78B99D8}
		{ED969F76-70AE-410C-A4A0-9AA5D456DFF0} = {02EA681E-C7D8-13C7-8484-4AC65E1B71E8}
		{2E5E2A8D-FE61-4120-A231-06A264408B5A} = {ED969F76-70AE-410C-A4A0-9AA5D456DFF0}
		{07F99BD5-88FF-4E80-BF97-E1899E332B72} = {02EA681E-C7D8-13C7-8484-4AC65E1B71E8}
		{2C7119E9-AE5A-4291-9D18-1063F8796301} = {07F99BD5-88FF-4E80-BF97-E1899E332B72}
	EndGlobalSection
	GlobalSection(ExtensibilityGlobals) = postSolution
		SolutionGuid = {8BD5A663-F9C8-4E90-9F63-C489C2247882}
	EndGlobalSection
EndGlobal
